
Microsoft Visual Studio Solution File, Format Version 12.00
# Visual Studio Version 17
VisualStudioVersion = 17.14.37710.0 d17.14
MinimumVisualStudioVersion = 10.0.40219.1
Project("{FAE04EC0-301F-11D3-BF4B-00C04F79EFBC}") = "overtime", "overtime\overtime.csproj", "{2AB10879-9CEC-4035-9FFB-A4D30128D39A}"
EndProject
Global
	GlobalSection(SolutionConfigurationPlatforms) = preSolution
		Debug|Any CPU = Debug|Any CPU
		Release|Any CPU = Release|Any CPU
	EndGlobalSection
	GlobalSection(ProjectConfigurationPlatforms) = postSolution
		{2AB10879-9CEC-4035-9FFB-A4D30128D39A}.Debug|Any CPU.ActiveCfg = Debug|Any CPU
		{2AB10879-9CEC-4035-9FFB-A4D30128D39A}.Debug|Any CPU.Build.0 = Debug|Any CPU
		{2AB10879-9CEC-4035-9FFB-A4D30128D39A}.Release|Any CPU.ActiveCfg = Release|Any CPU
		{2AB10879-9CEC-4035-9FFB-A4D30128D39A}.Release|Any CPU.Build.0 = Release|Any CPU
	EndGlobalSection
	GlobalSection(SolutionProperties) = preSolution
		HideSolutionNode = FALSE
	EndGlobalSection
	GlobalSection(ExtensibilityGlobals) = postSolution
		SolutionGuid = {5393DF81-2FAB-43C0-BBEA-81D0479D0B53}
	EndGlobalSection
EndGlobal
