
Microsoft Visual Studio Solution File, Format Version 12.00
# Visual Studio Version 17
VisualStudioVersion = 17.14.37710.0 d17.14
MinimumVisualStudioVersion = 10.0.40219.1
Project("{FAE04EC0-301F-11D3-BF4B-00C04F79EFBC}") = "ikra", "ikra\ikra.csproj", "{3B433257-0376-4E7E-8EC5-48C00F2B7874}"
EndProject
Global
	GlobalSection(SolutionConfigurationPlatforms) = preSolution
		Debug|Any CPU = Debug|Any CPU
		Release|Any CPU = Release|Any CPU
	EndGlobalSection
	GlobalSection(ProjectConfigurationPlatforms) = postSolution
		{3B433257-0376-4E7E-8EC5-48C00F2B7874}.Debug|Any CPU.ActiveCfg = Debug|Any CPU
		{3B433257-0376-4E7E-8EC5-48C00F2B7874}.Debug|Any CPU.Build.0 = Debug|Any CPU
		{3B433257-0376-4E7E-8EC5-48C00F2B7874}.Release|Any CPU.ActiveCfg = Release|Any CPU
		{3B433257-0376-4E7E-8EC5-48C00F2B7874}.Release|Any CPU.Build.0 = Release|Any CPU
	EndGlobalSection
	GlobalSection(SolutionProperties) = preSolution
		HideSolutionNode = FALSE
	EndGlobalSection
	GlobalSection(ExtensibilityGlobals) = postSolution
		SolutionGuid = {81EB96D6-552F-41B5-98ED-32CAA2953488}
	EndGlobalSection
EndGlobal
